// !$*UTF8*$!
{
	archiveVersion = 1;
	classes = {
	};
	objectVersion = 55;
	objects = {

/* Begin PBXBuildFile section */
		550D846626C8EA28007DF5EC /* Server.swift in Sources */ = {isa = PBXBuildFile; fileRef = 550D846526C8EA28007DF5EC /* Server.swift */; };
		550D846826C8EA51007DF5EC /* ServerListItem.swift in Sources */ = {isa = PBXBuildFile; fileRef = 550D846726C8EA51007DF5EC /* ServerListItem.swift */; };
		550D846B26C8F368007DF5EC /* ServerNameIcon.swift in Sources */ = {isa = PBXBuildFile; fileRef = 550D846A26C8F368007DF5EC /* ServerNameIcon.swift */; };
		550D846E26C8F468007DF5EC /* StringProtocol+Extensions.swift in Sources */ = {isa = PBXBuildFile; fileRef = 550D846D26C8F468007DF5EC /* StringProtocol+Extensions.swift */; };
		550D848D26C908BA007DF5EC /* HomeActivityView.swift in Sources */ = {isa = PBXBuildFile; fileRef = 550D848426C908B9007DF5EC /* HomeActivityView.swift */; };
		550D848E26C908BA007DF5EC /* MessageListView.swift in Sources */ = {isa = PBXBuildFile; fileRef = 550D848526C908B9007DF5EC /* MessageListView.swift */; };
		550D848F26C908BA007DF5EC /* MemberListView.swift in Sources */ = {isa = PBXBuildFile; fileRef = 550D848626C908B9007DF5EC /* MemberListView.swift */; };
		550D849026C908BA007DF5EC /* HomeView.swift in Sources */ = {isa = PBXBuildFile; fileRef = 550D848726C908B9007DF5EC /* HomeView.swift */; };
		550D849126C908BA007DF5EC /* ChannelListView.swift in Sources */ = {isa = PBXBuildFile; fileRef = 550D848826C908B9007DF5EC /* ChannelListView.swift */; };
		550D849226C908BA007DF5EC /* ServerView.swift in Sources */ = {isa = PBXBuildFile; fileRef = 550D848926C908B9007DF5EC /* ServerView.swift */; };
		550D849326C908BA007DF5EC /* DMListView.swift in Sources */ = {isa = PBXBuildFile; fileRef = 550D848A26C908B9007DF5EC /* DMListView.swift */; };
		550D849426C908BA007DF5EC /* HomeContentView.swift in Sources */ = {isa = PBXBuildFile; fileRef = 550D848B26C908BA007DF5EC /* HomeContentView.swift */; };
		550D849526C908BA007DF5EC /* FriendListView.swift in Sources */ = {isa = PBXBuildFile; fileRef = 550D848C26C908BA007DF5EC /* FriendListView.swift */; };
		550D849A26C91013007DF5EC /* Collection+Extensions.swift in Sources */ = {isa = PBXBuildFile; fileRef = 550D849926C91013007DF5EC /* Collection+Extensions.swift */; };
		550D849C26C91934007DF5EC /* VisualEffectView.swift in Sources */ = {isa = PBXBuildFile; fileRef = 550D849B26C91934007DF5EC /* VisualEffectView.swift */; };
		556526B926C7DEBC0007E27E /* ContentView.swift in Sources */ = {isa = PBXBuildFile; fileRef = 556526B826C7DEBC0007E27E /* ContentView.swift */; };
		556526BB26C7DEBF0007E27E /* Assets.xcassets in Resources */ = {isa = PBXBuildFile; fileRef = 556526BA26C7DEBF0007E27E /* Assets.xcassets */; };
		556526BE26C7DEBF0007E27E /* Preview Assets.xcassets in Resources */ = {isa = PBXBuildFile; fileRef = 556526BD26C7DEBF0007E27E /* Preview Assets.xcassets */; };
		556526C726C7F92B0007E27E /* ServerListView.swift in Sources */ = {isa = PBXBuildFile; fileRef = 556526C626C7F92B0007E27E /* ServerListView.swift */; };
		55C1995A26C94C93004AE059 /* SwiftcordApp.swift in Sources */ = {isa = PBXBuildFile; fileRef = 55C1995926C94C93004AE059 /* SwiftcordApp.swift */; };
		55C1995C26C95FE6004AE059 /* UserInfoView.swift in Sources */ = {isa = PBXBuildFile; fileRef = 55C1995B26C95FE6004AE059 /* UserInfoView.swift */; };
		55C1995F26C97E40004AE059 /* SwiftUITooltip in Frameworks */ = {isa = PBXBuildFile; productRef = 55C1995E26C97E40004AE059 /* SwiftUITooltip */; };
/* End PBXBuildFile section */

/* Begin PBXFileReference section */
		550D846526C8EA28007DF5EC /* Server.swift */ = {isa = PBXFileReference; lastKnownFileType = sourcecode.swift; path = Server.swift; sourceTree = "<group>"; };
		550D846726C8EA51007DF5EC /* ServerListItem.swift */ = {isa = PBXFileReference; lastKnownFileType = sourcecode.swift; path = ServerListItem.swift; sourceTree = "<group>"; };
		550D846A26C8F368007DF5EC /* ServerNameIcon.swift */ = {isa = PBXFileReference; fileEncoding = 4; lastKnownFileType = sourcecode.swift; path = ServerNameIcon.swift; sourceTree = "<group>"; };
		550D846D26C8F468007DF5EC /* StringProtocol+Extensions.swift */ = {isa = PBXFileReference; lastKnownFileType = sourcecode.swift; path = "StringProtocol+Extensions.swift"; sourceTree = "<group>"; };
		550D848426C908B9007DF5EC /* HomeActivityView.swift */ = {isa = PBXFileReference; fileEncoding = 4; lastKnownFileType = sourcecode.swift; path = HomeActivityView.swift; sourceTree = "<group>"; };
		550D848526C908B9007DF5EC /* MessageListView.swift */ = {isa = PBXFileReference; fileEncoding = 4; lastKnownFileType = sourcecode.swift; path = MessageListView.swift; sourceTree = "<group>"; };
		550D848626C908B9007DF5EC /* MemberListView.swift */ = {isa = PBXFileReference; fileEncoding = 4; lastKnownFileType = sourcecode.swift; path = MemberListView.swift; sourceTree = "<group>"; };
		550D848726C908B9007DF5EC /* HomeView.swift */ = {isa = PBXFileReference; fileEncoding = 4; lastKnownFileType = sourcecode.swift; path = HomeView.swift; sourceTree = "<group>"; };
		550D848826C908B9007DF5EC /* ChannelListView.swift */ = {isa = PBXFileReference; fileEncoding = 4; lastKnownFileType = sourcecode.swift; path = ChannelListView.swift; sourceTree = "<group>"; };
		550D848926C908B9007DF5EC /* ServerView.swift */ = {isa = PBXFileReference; fileEncoding = 4; lastKnownFileType = sourcecode.swift; path = ServerView.swift; sourceTree = "<group>"; };
		550D848A26C908B9007DF5EC /* DMListView.swift */ = {isa = PBXFileReference; fileEncoding = 4; lastKnownFileType = sourcecode.swift; path = DMListView.swift; sourceTree = "<group>"; };
		550D848B26C908BA007DF5EC /* HomeContentView.swift */ = {isa = PBXFileReference; fileEncoding = 4; lastKnownFileType = sourcecode.swift; path = HomeContentView.swift; sourceTree = "<group>"; };
		550D848C26C908BA007DF5EC /* FriendListView.swift */ = {isa = PBXFileReference; fileEncoding = 4; lastKnownFileType = sourcecode.swift; path = FriendListView.swift; sourceTree = "<group>"; };
		550D849926C91013007DF5EC /* Collection+Extensions.swift */ = {isa = PBXFileReference; lastKnownFileType = sourcecode.swift; path = "Collection+Extensions.swift"; sourceTree = "<group>"; };
		550D849B26C91934007DF5EC /* VisualEffectView.swift */ = {isa = PBXFileReference; lastKnownFileType = sourcecode.swift; path = VisualEffectView.swift; sourceTree = "<group>"; };
		556526B326C7DEBC0007E27E /* swiftcord.app */ = {isa = PBXFileReference; explicitFileType = wrapper.application; includeInIndex = 0; path = swiftcord.app; sourceTree = BUILT_PRODUCTS_DIR; };
		556526B826C7DEBC0007E27E /* ContentView.swift */ = {isa = PBXFileReference; lastKnownFileType = sourcecode.swift; path = ContentView.swift; sourceTree = "<group>"; };
		556526BA26C7DEBF0007E27E /* Assets.xcassets */ = {isa = PBXFileReference; lastKnownFileType = folder.assetcatalog; path = Assets.xcassets; sourceTree = "<group>"; };
		556526BD26C7DEBF0007E27E /* Preview Assets.xcassets */ = {isa = PBXFileReference; lastKnownFileType = folder.assetcatalog; path = "Preview Assets.xcassets"; sourceTree = "<group>"; };
		556526C626C7F92B0007E27E /* ServerListView.swift */ = {isa = PBXFileReference; fileEncoding = 4; lastKnownFileType = sourcecode.swift; path = ServerListView.swift; sourceTree = "<group>"; };
		55C1995926C94C93004AE059 /* SwiftcordApp.swift */ = {isa = PBXFileReference; fileEncoding = 4; lastKnownFileType = sourcecode.swift; path = SwiftcordApp.swift; sourceTree = "<group>"; };
		55C1995B26C95FE6004AE059 /* UserInfoView.swift */ = {isa = PBXFileReference; fileEncoding = 4; lastKnownFileType = sourcecode.swift; path = UserInfoView.swift; sourceTree = "<group>"; };
		55F3169626C938EE0041746D /* Info.plist */ = {isa = PBXFileReference; lastKnownFileType = text.plist; path = Info.plist; sourceTree = "<group>"; };
/* End PBXFileReference section */

/* Begin PBXFrameworksBuildPhase section */
		556526B026C7DEBC0007E27E /* Frameworks */ = {
			isa = PBXFrameworksBuildPhase;
			buildActionMask = 2147483647;
			files = (
				55C1995F26C97E40004AE059 /* SwiftUITooltip in Frameworks */,
			);
			runOnlyForDeploymentPostprocessing = 0;
		};
/* End PBXFrameworksBuildPhase section */

/* Begin PBXGroup section */
		550D846426C8EA0F007DF5EC /* Structs */ = {
			isa = PBXGroup;
			children = (
				550D846526C8EA28007DF5EC /* Server.swift */,
			);
			path = Structs;
			sourceTree = "<group>";
		};
		550D846926C8F368007DF5EC /* Utility */ = {
			isa = PBXGroup;
			children = (
				550D846A26C8F368007DF5EC /* ServerNameIcon.swift */,
			);
			path = Utility;
			sourceTree = "<group>";
		};
		550D846C26C8F433007DF5EC /* Extensions */ = {
			isa = PBXGroup;
			children = (
				550D846D26C8F468007DF5EC /* StringProtocol+Extensions.swift */,
				550D849926C91013007DF5EC /* Collection+Extensions.swift */,
			);
			path = Extensions;
			sourceTree = "<group>";
		};
		556526AA26C7DEBC0007E27E = {
			isa = PBXGroup;
			children = (
				556526B526C7DEBC0007E27E /* swiftcord */,
				556526B426C7DEBC0007E27E /* Products */,
			);
			sourceTree = "<group>";
		};
		556526B426C7DEBC0007E27E /* Products */ = {
			isa = PBXGroup;
			children = (
				556526B326C7DEBC0007E27E /* swiftcord.app */,
			);
			name = Products;
			sourceTree = "<group>";
		};
		556526B526C7DEBC0007E27E /* swiftcord */ = {
			isa = PBXGroup;
			children = (
				55F3169626C938EE0041746D /* Info.plist */,
				556526C426C7F91F0007E27E /* Components */,
				550D846C26C8F433007DF5EC /* Extensions */,
				550D846926C8F368007DF5EC /* Utility */,
				550D846426C8EA0F007DF5EC /* Structs */,
				55C1995926C94C93004AE059 /* SwiftcordApp.swift */,
				556526B826C7DEBC0007E27E /* ContentView.swift */,
				556526BA26C7DEBF0007E27E /* Assets.xcassets */,
				556526C526C7F92B0007E27E /* Views */,
				556526BC26C7DEBF0007E27E /* Preview Content */,
			);
			path = swiftcord;
			sourceTree = "<group>";
		};
		556526BC26C7DEBF0007E27E /* Preview Content */ = {
			isa = PBXGroup;
			children = (
				556526BD26C7DEBF0007E27E /* Preview Assets.xcassets */,
			);
			path = "Preview Content";
			sourceTree = "<group>";
		};
		556526C426C7F91F0007E27E /* Components */ = {
			isa = PBXGroup;
			children = (
				550D846726C8EA51007DF5EC /* ServerListItem.swift */,
			);
			name = Components;
			path = swiftcord/Components;
			sourceTree = SOURCE_ROOT;
		};
		556526C526C7F92B0007E27E /* Views */ = {
			isa = PBXGroup;
			children = (
				55C1995B26C95FE6004AE059 /* UserInfoView.swift */,
				550D849B26C91934007DF5EC /* VisualEffectView.swift */,
				550D848826C908B9007DF5EC /* ChannelListView.swift */,
				550D848A26C908B9007DF5EC /* DMListView.swift */,
				550D848C26C908BA007DF5EC /* FriendListView.swift */,
				550D848426C908B9007DF5EC /* HomeActivityView.swift */,
				550D848B26C908BA007DF5EC /* HomeContentView.swift */,
				550D848726C908B9007DF5EC /* HomeView.swift */,
				550D848626C908B9007DF5EC /* MemberListView.swift */,
				550D848526C908B9007DF5EC /* MessageListView.swift */,
				550D848926C908B9007DF5EC /* ServerView.swift */,
				556526C626C7F92B0007E27E /* ServerListView.swift */,
			);
			name = Views;
			path = swiftcord/Views;
			sourceTree = SOURCE_ROOT;
		};
/* End PBXGroup section */

/* Begin PBXNativeTarget section */
		556526B226C7DEBC0007E27E /* swiftcord */ = {
			isa = PBXNativeTarget;
			buildConfigurationList = 556526C126C7DEBF0007E27E /* Build configuration list for PBXNativeTarget "swiftcord" */;
			buildPhases = (
				556526AF26C7DEBC0007E27E /* Sources */,
				556526B026C7DEBC0007E27E /* Frameworks */,
				556526B126C7DEBC0007E27E /* Resources */,
			);
			buildRules = (
			);
			dependencies = (
			);
			name = swiftcord;
			packageProductDependencies = (
				55C1995E26C97E40004AE059 /* SwiftUITooltip */,
			);
			productName = swiftcord;
			productReference = 556526B326C7DEBC0007E27E /* swiftcord.app */;
			productType = "com.apple.product-type.application";
		};
/* End PBXNativeTarget section */

/* Begin PBXProject section */
		556526AB26C7DEBC0007E27E /* Project object */ = {
			isa = PBXProject;
			attributes = {
				BuildIndependentTargetsInParallel = 1;
				LastSwiftUpdateCheck = 1300;
				LastUpgradeCheck = 1300;
				TargetAttributes = {
					556526B226C7DEBC0007E27E = {
						CreatedOnToolsVersion = 13.0;
					};
				};
			};
			buildConfigurationList = 556526AE26C7DEBC0007E27E /* Build configuration list for PBXProject "swiftcord" */;
			compatibilityVersion = "Xcode 13.0";
			developmentRegion = en;
			hasScannedForEncodings = 0;
			knownRegions = (
				en,
				Base,
			);
			mainGroup = 556526AA26C7DEBC0007E27E;
			packageReferences = (
				55C1995D26C97E40004AE059 /* XCRemoteSwiftPackageReference "SwiftUI-Tooltip" */,
			);
			productRefGroup = 556526B426C7DEBC0007E27E /* Products */;
			projectDirPath = "";
			projectRoot = "";
			targets = (
				556526B226C7DEBC0007E27E /* swiftcord */,
			);
		};
/* End PBXProject section */

/* Begin PBXResourcesBuildPhase section */
		556526B126C7DEBC0007E27E /* Resources */ = {
			isa = PBXResourcesBuildPhase;
			buildActionMask = 2147483647;
			files = (
				556526BE26C7DEBF0007E27E /* Preview Assets.xcassets in Resources */,
				556526BB26C7DEBF0007E27E /* Assets.xcassets in Resources */,
			);
			runOnlyForDeploymentPostprocessing = 0;
		};
/* End PBXResourcesBuildPhase section */

/* Begin PBXSourcesBuildPhase section */
		556526AF26C7DEBC0007E27E /* Sources */ = {
			isa = PBXSourcesBuildPhase;
			buildActionMask = 2147483647;
			files = (
				550D846B26C8F368007DF5EC /* ServerNameIcon.swift in Sources */,
				550D846E26C8F468007DF5EC /* StringProtocol+Extensions.swift in Sources */,
				550D848D26C908BA007DF5EC /* HomeActivityView.swift in Sources */,
				550D849426C908BA007DF5EC /* HomeContentView.swift in Sources */,
				556526B926C7DEBC0007E27E /* ContentView.swift in Sources */,
				550D848E26C908BA007DF5EC /* MessageListView.swift in Sources */,
				550D849026C908BA007DF5EC /* HomeView.swift in Sources */,
				550D849A26C91013007DF5EC /* Collection+Extensions.swift in Sources */,
				550D849226C908BA007DF5EC /* ServerView.swift in Sources */,
				55C1995A26C94C93004AE059 /* SwiftcordApp.swift in Sources */,
				550D849326C908BA007DF5EC /* DMListView.swift in Sources */,
				550D846826C8EA51007DF5EC /* ServerListItem.swift in Sources */,
				550D849C26C91934007DF5EC /* VisualEffectView.swift in Sources */,
				550D848F26C908BA007DF5EC /* MemberListView.swift in Sources */,
				550D849126C908BA007DF5EC /* ChannelListView.swift in Sources */,
				550D846626C8EA28007DF5EC /* Server.swift in Sources */,
				550D849526C908BA007DF5EC /* FriendListView.swift in Sources */,
				55C1995C26C95FE6004AE059 /* UserInfoView.swift in Sources */,
				556526C726C7F92B0007E27E /* ServerListView.swift in Sources */,
			);
			runOnlyForDeploymentPostprocessing = 0;
		};
/* End PBXSourcesBuildPhase section */

/* Begin XCBuildConfiguration section */
		556526BF26C7DEBF0007E27E /* Debug */ = {
			isa = XCBuildConfiguration;
			buildSettings = {
				ALWAYS_SEARCH_USER_PATHS = NO;
				CLANG_ANALYZER_NONNULL = YES;
				CLANG_ANALYZER_NUMBER_OBJECT_CONVERSION = YES_AGGRESSIVE;
				CLANG_CXX_LANGUAGE_STANDARD = "gnu++17";
				CLANG_CXX_LIBRARY = "libc++";
				CLANG_ENABLE_MODULES = YES;
				CLANG_ENABLE_OBJC_ARC = YES;
				CLANG_ENABLE_OBJC_WEAK = YES;
				CLANG_WARN_BLOCK_CAPTURE_AUTORELEASING = YES;
				CLANG_WARN_BOOL_CONVERSION = YES;
				CLANG_WARN_COMMA = YES;
				CLANG_WARN_CONSTANT_CONVERSION = YES;
				CLANG_WARN_DEPRECATED_OBJC_IMPLEMENTATIONS = YES;
				CLANG_WARN_DIRECT_OBJC_ISA_USAGE = YES_ERROR;
				CLANG_WARN_DOCUMENTATION_COMMENTS = YES;
				CLANG_WARN_EMPTY_BODY = YES;
				CLANG_WARN_ENUM_CONVERSION = YES;
				CLANG_WARN_INFINITE_RECURSION = YES;
				CLANG_WARN_INT_CONVERSION = YES;
				CLANG_WARN_NON_LITERAL_NULL_CONVERSION = YES;
				CLANG_WARN_OBJC_IMPLICIT_RETAIN_SELF = YES;
				CLANG_WARN_OBJC_LITERAL_CONVERSION = YES;
				CLANG_WARN_OBJC_ROOT_CLASS = YES_ERROR;
				CLANG_WARN_QUOTED_INCLUDE_IN_FRAMEWORK_HEADER = YES;
				CLANG_WARN_RANGE_LOOP_ANALYSIS = YES;
				CLANG_WARN_STRICT_PROTOTYPES = YES;
				CLANG_WARN_SUSPICIOUS_MOVE = YES;
				CLANG_WARN_UNGUARDED_AVAILABILITY = YES_AGGRESSIVE;
				CLANG_WARN_UNREACHABLE_CODE = YES;
				CLANG_WARN__DUPLICATE_METHOD_MATCH = YES;
				COPY_PHASE_STRIP = NO;
				DEBUG_INFORMATION_FORMAT = dwarf;
				ENABLE_STRICT_OBJC_MSGSEND = YES;
				ENABLE_TESTABILITY = YES;
				GCC_C_LANGUAGE_STANDARD = gnu11;
				GCC_DYNAMIC_NO_PIC = NO;
				GCC_NO_COMMON_BLOCKS = YES;
				GCC_OPTIMIZATION_LEVEL = 0;
				GCC_PREPROCESSOR_DEFINITIONS = (
					"DEBUG=1",
					"$(inherited)",
				);
				GCC_WARN_64_TO_32_BIT_CONVERSION = YES;
				GCC_WARN_ABOUT_RETURN_TYPE = YES_ERROR;
				GCC_WARN_UNDECLARED_SELECTOR = YES;
				GCC_WARN_UNINITIALIZED_AUTOS = YES_AGGRESSIVE;
				GCC_WARN_UNUSED_FUNCTION = YES;
				GCC_WARN_UNUSED_VARIABLE = YES;
				MACOSX_DEPLOYMENT_TARGET = 12.0;
				MTL_ENABLE_DEBUG_INFO = INCLUDE_SOURCE;
				MTL_FAST_MATH = YES;
				ONLY_ACTIVE_ARCH = YES;
				SDKROOT = macosx;
				SWIFT_ACTIVE_COMPILATION_CONDITIONS = DEBUG;
				SWIFT_OPTIMIZATION_LEVEL = "-Onone";
			};
			name = Debug;
		};
		556526C026C7DEBF0007E27E /* Release */ = {
			isa = XCBuildConfiguration;
			buildSettings = {
				ALWAYS_SEARCH_USER_PATHS = NO;
				CLANG_ANALYZER_NONNULL = YES;
				CLANG_ANALYZER_NUMBER_OBJECT_CONVERSION = YES_AGGRESSIVE;
				CLANG_CXX_LANGUAGE_STANDARD = "gnu++17";
				CLANG_CXX_LIBRARY = "libc++";
				CLANG_ENABLE_MODULES = YES;
				CLANG_ENABLE_OBJC_ARC = YES;
				CLANG_ENABLE_OBJC_WEAK = YES;
				CLANG_WARN_BLOCK_CAPTURE_AUTORELEASING = YES;
				CLANG_WARN_BOOL_CONVERSION = YES;
				CLANG_WARN_COMMA = YES;
				CLANG_WARN_CONSTANT_CONVERSION = YES;
				CLANG_WARN_DEPRECATED_OBJC_IMPLEMENTATIONS = YES;
				CLANG_WARN_DIRECT_OBJC_ISA_USAGE = YES_ERROR;
				CLANG_WARN_DOCUMENTATION_COMMENTS = YES;
				CLANG_WARN_EMPTY_BODY = YES;
				CLANG_WARN_ENUM_CONVERSION = YES;
				CLANG_WARN_INFINITE_RECURSION = YES;
				CLANG_WARN_INT_CONVERSION = YES;
				CLANG_WARN_NON_LITERAL_NULL_CONVERSION = YES;
				CLANG_WARN_OBJC_IMPLICIT_RETAIN_SELF = YES;
				CLANG_WARN_OBJC_LITERAL_CONVERSION = YES;
				CLANG_WARN_OBJC_ROOT_CLASS = YES_ERROR;
				CLANG_WARN_QUOTED_INCLUDE_IN_FRAMEWORK_HEADER = YES;
				CLANG_WARN_RANGE_LOOP_ANALYSIS = YES;
				CLANG_WARN_STRICT_PROTOTYPES = YES;
				CLANG_WARN_SUSPICIOUS_MOVE = YES;
				CLANG_WARN_UNGUARDED_AVAILABILITY = YES_AGGRESSIVE;
				CLANG_WARN_UNREACHABLE_CODE = YES;
				CLANG_WARN__DUPLICATE_METHOD_MATCH = YES;
				COPY_PHASE_STRIP = NO;
				DEBUG_INFORMATION_FORMAT = "dwarf-with-dsym";
				ENABLE_NS_ASSERTIONS = NO;
				ENABLE_STRICT_OBJC_MSGSEND = YES;
				GCC_C_LANGUAGE_STANDARD = gnu11;
				GCC_NO_COMMON_BLOCKS = YES;
				GCC_WARN_64_TO_32_BIT_CONVERSION = YES;
				GCC_WARN_ABOUT_RETURN_TYPE = YES_ERROR;
				GCC_WARN_UNDECLARED_SELECTOR = YES;
				GCC_WARN_UNINITIALIZED_AUTOS = YES_AGGRESSIVE;
				GCC_WARN_UNUSED_FUNCTION = YES;
				GCC_WARN_UNUSED_VARIABLE = YES;
				MACOSX_DEPLOYMENT_TARGET = 12.0;
				MTL_ENABLE_DEBUG_INFO = NO;
				MTL_FAST_MATH = YES;
				SDKROOT = macosx;
				SWIFT_COMPILATION_MODE = wholemodule;
				SWIFT_OPTIMIZATION_LEVEL = "-O";
			};
			name = Release;
		};
		556526C226C7DEBF0007E27E /* Debug */ = {
			isa = XCBuildConfiguration;
			buildSettings = {
				ASSETCATALOG_COMPILER_APPICON_NAME = AppIcon;
				ASSETCATALOG_COMPILER_GLOBAL_ACCENT_COLOR_NAME = AccentColor;
				CODE_SIGN_STYLE = Automatic;
				COMBINE_HIDPI_IMAGES = YES;
				CURRENT_PROJECT_VERSION = 1;
				DEVELOPMENT_ASSET_PATHS = "\"swiftcord/Preview Content\"";
				DEVELOPMENT_TEAM = 32Z9KZZ4PU;
				ENABLE_APP_SANDBOX = YES;
				ENABLE_HARDENED_RUNTIME = YES;
				ENABLE_PREVIEWS = YES;
				ENABLE_USER_SELECTED_FILES = readonly;
				GENERATE_INFOPLIST_FILE = YES;
				INFOPLIST_FILE = swiftcord/Info.plist;
				INFOPLIST_KEY_LSApplicationCategoryType = "public.app-category.social-networking";
				INFOPLIST_KEY_NSHumanReadableCopyright = "";
				LD_RUNPATH_SEARCH_PATHS = (
					"$(inherited)",
					"@executable_path/../Frameworks",
				);
				MACOSX_DEPLOYMENT_TARGET = 12.0;
				MARKETING_VERSION = 1.0;
				PRODUCT_BUNDLE_IDENTIFIER = xyz.helloyunho.swiftcord;
				PRODUCT_NAME = "$(TARGET_NAME)";
				SWIFT_EMIT_LOC_STRINGS = YES;
				SWIFT_VERSION = 5.0;
			};
			name = Debug;
		};
		556526C326C7DEBF0007E27E /* Release */ = {
			isa = XCBuildConfiguration;
			buildSettings = {
				ASSETCATALOG_COMPILER_APPICON_NAME = AppIcon;
				ASSETCATALOG_COMPILER_GLOBAL_ACCENT_COLOR_NAME = AccentColor;
				CODE_SIGN_STYLE = Automatic;
				COMBINE_HIDPI_IMAGES = YES;
				CURRENT_PROJECT_VERSION = 1;
				DEVELOPMENT_ASSET_PATHS = "\"swiftcord/Preview Content\"";
				DEVELOPMENT_TEAM = 32Z9KZZ4PU;
				ENABLE_APP_SANDBOX = YES;
				ENABLE_HARDENED_RUNTIME = YES;
				ENABLE_PREVIEWS = YES;
				ENABLE_USER_SELECTED_FILES = readonly;
				GENERATE_INFOPLIST_FILE = YES;
				INFOPLIST_FILE = swiftcord/Info.plist;
				INFOPLIST_KEY_LSApplicationCategoryType = "public.app-category.social-networking";
				INFOPLIST_KEY_NSHumanReadableCopyright = "";
				LD_RUNPATH_SEARCH_PATHS = (
					"$(inherited)",
					"@executable_path/../Frameworks",
				);
				MACOSX_DEPLOYMENT_TARGET = 12.0;
				MARKETING_VERSION = 1.0;
				PRODUCT_BUNDLE_IDENTIFIER = xyz.helloyunho.swiftcord;
				PRODUCT_NAME = "$(TARGET_NAME)";
				SWIFT_EMIT_LOC_STRINGS = YES;
				SWIFT_VERSION = 5.0;
			};
			name = Release;
		};
/* End XCBuildConfiguration section */

/* Begin XCConfigurationList section */
		556526AE26C7DEBC0007E27E /* Build configuration list for PBXProject "swiftcord" */ = {
			isa = XCConfigurationList;
			buildConfigurations = (
				556526BF26C7DEBF0007E27E /* Debug */,
				556526C026C7DEBF0007E27E /* Release */,
			);
			defaultConfigurationIsVisible = 0;
			defaultConfigurationName = Release;
		};
		556526C126C7DEBF0007E27E /* Build configuration list for PBXNativeTarget "swiftcord" */ = {
			isa = XCConfigurationList;
			buildConfigurations = (
				556526C226C7DEBF0007E27E /* Debug */,
				556526C326C7DEBF0007E27E /* Release */,
			);
			defaultConfigurationIsVisible = 0;
			defaultConfigurationName = Release;
		};
/* End XCConfigurationList section */

/* Begin XCRemoteSwiftPackageReference section */
		55C1995D26C97E40004AE059 /* XCRemoteSwiftPackageReference "SwiftUI-Tooltip" */ = {
			isa = XCRemoteSwiftPackageReference;
			repositoryURL = "https://github.com/quassummanus/SwiftUI-Tooltip";
			requirement = {
				kind = upToNextMajorVersion;
				minimumVersion = 1.0.0;
			};
		};
/* End XCRemoteSwiftPackageReference section */

/* Begin XCSwiftPackageProductDependency section */
		55C1995E26C97E40004AE059 /* SwiftUITooltip */ = {
			isa = XCSwiftPackageProductDependency;
			package = 55C1995D26C97E40004AE059 /* XCRemoteSwiftPackageReference "SwiftUI-Tooltip" */;
			productName = SwiftUITooltip;
		};
/* End XCSwiftPackageProductDependency section */
	};
	rootObject = 556526AB26C7DEBC0007E27E /* Project object */;
}
